
Microsoft Visual Studio Solution File, Format Version 12.00
# Visual Studio Version 17
VisualStudioVersion = 17.11.35219.272
MinimumVisualStudioVersion = 10.0.40219.1
Project("{8BC9CEB8-8B4A-11D0-8D11-00A0C91BC942}") = "PA7-4", "PA7-4\PA7-4.vcxproj", "{F7F75EF7-3A38-4975-9D11-E9F7369A2BBE}"
EndProject
Global
	GlobalSection(SolutionConfigurationPlatforms) = preSolution
		Debug|x64 = Debug|x64
		Debug|x86 = Debug|x86
		Release|x64 = Release|x64
		Release|x86 = Release|x86
	EndGlobalSection
	GlobalSection(ProjectConfigurationPlatforms) = postSolution
		{F7F75EF7-3A38-4975-9D11-E9F7369A2BBE}.Debug|x64.ActiveCfg = Debug|x64
		{F7F75EF7-3A38-4975-9D11-E9F7369A2BBE}.Debug|x64.Build.0 = Debug|x64
		{F7F75EF7-3A38-4975-9D11-E9F7369A2BBE}.Debug|x86.ActiveCfg = Debug|Win32
		{F7F75EF7-3A38-4975-9D11-E9F7369A2BBE}.Debug|x86.Build.0 = Debug|Win32
		{F7F75EF7-3A38-4975-9D11-E9F7369A2BBE}.Release|x64.ActiveCfg = Release|x64
		{F7F75EF7-3A38-4975-9D11-E9F7369A2BBE}.Release|x64.Build.0 = Release|x64
		{F7F75EF7-3A38-4975-9D11-E9F7369A2BBE}.Release|x86.ActiveCfg = Release|Win32
		{F7F75EF7-3A38-4975-9D11-E9F7369A2BBE}.Release|x86.Build.0 = Release|Win32
	EndGlobalSection
	GlobalSection(SolutionProperties) = preSolution
		HideSolutionNode = FALSE
	EndGlobalSection
	GlobalSection(ExtensibilityGlobals) = postSolution
		SolutionGuid = {F39DC983-A4C9-457E-8ACB-B30E7D8D9EB2}
	EndGlobalSection
EndGlobal
